// !$*UTF8*$!
{
	archiveVersion = 1;
	classes = {
	};
	objectVersion = 55;
	objects = {

/* Begin PBXBuildFile section */
		F2FB97A228FDB5E500D06E26 /* WeatherApp_ambientApp.swift in Sources */ = {isa = PBXBuildFile; fileRef = F2FB97A128FDB5E500D06E26 /* WeatherApp_ambientApp.swift */; };
		F2FB97A428FDB5E600D06E26 /* WeatherForecast.swift in Sources */ = {isa = PBXBuildFile; fileRef = F2FB97A328FDB5E600D06E26 /* WeatherForecast.swift */; };
		F2FB97A628FDB5EA00D06E26 /* Assets.xcassets in Resources */ = {isa = PBXBuildFile; fileRef = F2FB97A528FDB5EA00D06E26 /* Assets.xcassets */; };
		F2FB97A928FDB5EA00D06E26 /* Preview Assets.xcassets in Resources */ = {isa = PBXBuildFile; fileRef = F2FB97A828FDB5EA00D06E26 /* Preview Assets.xcassets */; };
		F2FB97B128FDB6B300D06E26 /* WeatherAPI.swift in Sources */ = {isa = PBXBuildFile; fileRef = F2FB97B028FDB6B300D06E26 /* WeatherAPI.swift */; };
		F2FB97B428FDB7B300D06E26 /* Forecast.swift in Sources */ = {isa = PBXBuildFile; fileRef = F2FB97B328FDB7B300D06E26 /* Forecast.swift */; };
		F2FB97B628FDBAB700D06E26 /* WeatherForecastViewModel.swift in Sources */ = {isa = PBXBuildFile; fileRef = F2FB97B528FDBAB700D06E26 /* WeatherForecastViewModel.swift */; };
/* End PBXBuildFile section */

/* Begin PBXFileReference section */
		F2FB979E28FDB5E500D06E26 /* WeatherApp-ambient.app */ = {isa = PBXFileReference; explicitFileType = wrapper.application; includeInIndex = 0; path = "WeatherApp-ambient.app"; sourceTree = BUILT_PRODUCTS_DIR; };
		F2FB97A128FDB5E500D06E26 /* WeatherApp_ambientApp.swift */ = {isa = PBXFileReference; lastKnownFileType = sourcecode.swift; path = WeatherApp_ambientApp.swift; sourceTree = "<group>"; };
		F2FB97A328FDB5E600D06E26 /* WeatherForecast.swift */ = {isa = PBXFileReference; lastKnownFileType = sourcecode.swift; path = WeatherForecast.swift; sourceTree = "<group>"; };
		F2FB97A528FDB5EA00D06E26 /* Assets.xcassets */ = {isa = PBXFileReference; lastKnownFileType = folder.assetcatalog; path = Assets.xcassets; sourceTree = "<group>"; };
		F2FB97A828FDB5EA00D06E26 /* Preview Assets.xcassets */ = {isa = PBXFileReference; lastKnownFileType = folder.assetcatalog; path = "Preview Assets.xcassets"; sourceTree = "<group>"; };
		F2FB97B028FDB6B300D06E26 /* WeatherAPI.swift */ = {isa = PBXFileReference; lastKnownFileType = sourcecode.swift; path = WeatherAPI.swift; sourceTree = "<group>"; };
		F2FB97B328FDB7B300D06E26 /* Forecast.swift */ = {isa = PBXFileReference; lastKnownFileType = sourcecode.swift; path = Forecast.swift; sourceTree = "<group>"; };
		F2FB97B528FDBAB700D06E26 /* WeatherForecastViewModel.swift */ = {isa = PBXFileReference; lastKnownFileType = sourcecode.swift; path = WeatherForecastViewModel.swift; sourceTree = "<group>"; };
/* End PBXFileReference section */

/* Begin PBXFrameworksBuildPhase section */
		F2FB979B28FDB5E500D06E26 /* Frameworks */ = {
			isa = PBXFrameworksBuildPhase;
			buildActionMask = 2147483647;
			files = (
			);
			runOnlyForDeploymentPostprocessing = 0;
		};
/* End PBXFrameworksBuildPhase section */

/* Begin PBXGroup section */
		F2FB979528FDB5E500D06E26 = {
			isa = PBXGroup;
			children = (
				F2FB97A028FDB5E500D06E26 /* WeatherApp-ambient */,
				F2FB979F28FDB5E500D06E26 /* Products */,
			);
			sourceTree = "<group>";
		};
		F2FB979F28FDB5E500D06E26 /* Products */ = {
			isa = PBXGroup;
			children = (
				F2FB979E28FDB5E500D06E26 /* WeatherApp-ambient.app */,
			);
			name = Products;
			sourceTree = "<group>";
		};
		F2FB97A028FDB5E500D06E26 /* WeatherApp-ambient */ = {
			isa = PBXGroup;
			children = (
				F2FB97B228FDB7A000D06E26 /* Models */,
				F2FB97AF28FDB6A900D06E26 /* Network */,
				F2FB97A128FDB5E500D06E26 /* WeatherApp_ambientApp.swift */,
				F2FB97A328FDB5E600D06E26 /* WeatherForecast.swift */,
				F2FB97B528FDBAB700D06E26 /* WeatherForecastViewModel.swift */,
				F2FB97A528FDB5EA00D06E26 /* Assets.xcassets */,
				F2FB97A728FDB5EA00D06E26 /* Preview Content */,
			);
			path = "WeatherApp-ambient";
			sourceTree = "<group>";
		};
		F2FB97A728FDB5EA00D06E26 /* Preview Content */ = {
			isa = PBXGroup;
			children = (
				F2FB97A828FDB5EA00D06E26 /* Preview Assets.xcassets */,
			);
			path = "Preview Content";
			sourceTree = "<group>";
		};
		F2FB97AF28FDB6A900D06E26 /* Network */ = {
			isa = PBXGroup;
			children = (
				F2FB97B028FDB6B300D06E26 /* WeatherAPI.swift */,
			);
			path = Network;
			sourceTree = "<group>";
		};
		F2FB97B228FDB7A000D06E26 /* Models */ = {
			isa = PBXGroup;
			children = (
				F2FB97B328FDB7B300D06E26 /* Forecast.swift */,
			);
			path = Models;
			sourceTree = "<group>";
		};
/* End PBXGroup section */

/* Begin PBXNativeTarget section */
		F2FB979D28FDB5E500D06E26 /* WeatherApp-ambient */ = {
			isa = PBXNativeTarget;
			buildConfigurationList = F2FB97AC28FDB5EA00D06E26 /* Build configuration list for PBXNativeTarget "WeatherApp-ambient" */;
			buildPhases = (
				F2FB979A28FDB5E500D06E26 /* Sources */,
				F2FB979B28FDB5E500D06E26 /* Frameworks */,
				F2FB979C28FDB5E500D06E26 /* Resources */,
			);
			buildRules = (
			);
			dependencies = (
			);
			name = "WeatherApp-ambient";
			productName = "WeatherApp-ambient";
			productReference = F2FB979E28FDB5E500D06E26 /* WeatherApp-ambient.app */;
			productType = "com.apple.product-type.application";
		};
/* End PBXNativeTarget section */

/* Begin PBXProject section */
		F2FB979628FDB5E500D06E26 /* Project object */ = {
			isa = PBXProject;
			attributes = {
				BuildIndependentTargetsInParallel = 1;
				LastSwiftUpdateCheck = 1320;
				LastUpgradeCheck = 1320;
				TargetAttributes = {
					F2FB979D28FDB5E500D06E26 = {
						CreatedOnToolsVersion = 13.2.1;
					};
				};
			};
			buildConfigurationList = F2FB979928FDB5E500D06E26 /* Build configuration list for PBXProject "WeatherApp-ambient" */;
			compatibilityVersion = "Xcode 13.0";
			developmentRegion = en;
			hasScannedForEncodings = 0;
			knownRegions = (
				en,
				Base,
			);
			mainGroup = F2FB979528FDB5E500D06E26;
			productRefGroup = F2FB979F28FDB5E500D06E26 /* Products */;
			projectDirPath = "";
			projectRoot = "";
			targets = (
				F2FB979D28FDB5E500D06E26 /* WeatherApp-ambient */,
			);
		};
/* End PBXProject section */

/* Begin PBXResourcesBuildPhase section */
		F2FB979C28FDB5E500D06E26 /* Resources */ = {
			isa = PBXResourcesBuildPhase;
			buildActionMask = 2147483647;
			files = (
				F2FB97A928FDB5EA00D06E26 /* Preview Assets.xcassets in Resources */,
				F2FB97A628FDB5EA00D06E26 /* Assets.xcassets in Resources */,
			);
			runOnlyForDeploymentPostprocessing = 0;
		};
/* End PBXResourcesBuildPhase section */

/* Begin PBXSourcesBuildPhase section */
		F2FB979A28FDB5E500D06E26 /* Sources */ = {
			isa = PBXSourcesBuildPhase;
			buildActionMask = 2147483647;
			files = (
				F2FB97B428FDB7B300D06E26 /* Forecast.swift in Sources */,
				F2FB97B628FDBAB700D06E26 /* WeatherForecastViewModel.swift in Sources */,
				F2FB97A428FDB5E600D06E26 /* WeatherForecast.swift in Sources */,
				F2FB97B128FDB6B300D06E26 /* WeatherAPI.swift in Sources */,
				F2FB97A228FDB5E500D06E26 /* WeatherApp_ambientApp.swift in Sources */,
			);
			runOnlyForDeploymentPostprocessing = 0;
		};
/* End PBXSourcesBuildPhase section */

/* Begin XCBuildConfiguration section */
		F2FB97AA28FDB5EA00D06E26 /* Debug */ = {
			isa = XCBuildConfiguration;
			buildSettings = {
				ALWAYS_SEARCH_USER_PATHS = NO;
				CLANG_ANALYZER_NONNULL = YES;
				CLANG_ANALYZER_NUMBER_OBJECT_CONVERSION = YES_AGGRESSIVE;
				CLANG_CXX_LANGUAGE_STANDARD = "gnu++17";
				CLANG_CXX_LIBRARY = "libc++";
				CLANG_ENABLE_MODULES = YES;
				CLANG_ENABLE_OBJC_ARC = YES;
				CLANG_ENABLE_OBJC_WEAK = YES;
				CLANG_WARN_BLOCK_CAPTURE_AUTORELEASING = YES;
				CLANG_WARN_BOOL_CONVERSION = YES;
				CLANG_WARN_COMMA = YES;
				CLANG_WARN_CONSTANT_CONVERSION = YES;
				CLANG_WARN_DEPRECATED_OBJC_IMPLEMENTATIONS = YES;
				CLANG_WARN_DIRECT_OBJC_ISA_USAGE = YES_ERROR;
				CLANG_WARN_DOCUMENTATION_COMMENTS = YES;
				CLANG_WARN_EMPTY_BODY = YES;
				CLANG_WARN_ENUM_CONVERSION = YES;
				CLANG_WARN_INFINITE_RECURSION = YES;
				CLANG_WARN_INT_CONVERSION = YES;
				CLANG_WARN_NON_LITERAL_NULL_CONVERSION = YES;
				CLANG_WARN_OBJC_IMPLICIT_RETAIN_SELF = YES;
				CLANG_WARN_OBJC_LITERAL_CONVERSION = YES;
				CLANG_WARN_OBJC_ROOT_CLASS = YES_ERROR;
				CLANG_WARN_QUOTED_INCLUDE_IN_FRAMEWORK_HEADER = YES;
				CLANG_WARN_RANGE_LOOP_ANALYSIS = YES;
				CLANG_WARN_STRICT_PROTOTYPES = YES;
				CLANG_WARN_SUSPICIOUS_MOVE = YES;
				CLANG_WARN_UNGUARDED_AVAILABILITY = YES_AGGRESSIVE;
				CLANG_WARN_UNREACHABLE_CODE = YES;
				CLANG_WARN__DUPLICATE_METHOD_MATCH = YES;
				COPY_PHASE_STRIP = NO;
				DEBUG_INFORMATION_FORMAT = dwarf;
				ENABLE_STRICT_OBJC_MSGSEND = YES;
				ENABLE_TESTABILITY = YES;
				GCC_C_LANGUAGE_STANDARD = gnu11;
				GCC_DYNAMIC_NO_PIC = NO;
				GCC_NO_COMMON_BLOCKS = YES;
				GCC_OPTIMIZATION_LEVEL = 0;
				GCC_PREPROCESSOR_DEFINITIONS = (
					"DEBUG=1",
					"$(inherited)",
				);
				GCC_WARN_64_TO_32_BIT_CONVERSION = YES;
				GCC_WARN_ABOUT_RETURN_TYPE = YES_ERROR;
				GCC_WARN_UNDECLARED_SELECTOR = YES;
				GCC_WARN_UNINITIALIZED_AUTOS = YES_AGGRESSIVE;
				GCC_WARN_UNUSED_FUNCTION = YES;
				GCC_WARN_UNUSED_VARIABLE = YES;
				IPHONEOS_DEPLOYMENT_TARGET = 15.2;
				MTL_ENABLE_DEBUG_INFO = INCLUDE_SOURCE;
				MTL_FAST_MATH = YES;
				ONLY_ACTIVE_ARCH = YES;
				SDKROOT = iphoneos;
				SWIFT_ACTIVE_COMPILATION_CONDITIONS = DEBUG;
				SWIFT_OPTIMIZATION_LEVEL = "-Onone";
			};
			name = Debug;
		};
		F2FB97AB28FDB5EA00D06E26 /* Release */ = {
			isa = XCBuildConfiguration;
			buildSettings = {
				ALWAYS_SEARCH_USER_PATHS = NO;
				CLANG_ANALYZER_NONNULL = YES;
				CLANG_ANALYZER_NUMBER_OBJECT_CONVERSION = YES_AGGRESSIVE;
				CLANG_CXX_LANGUAGE_STANDARD = "gnu++17";
				CLANG_CXX_LIBRARY = "libc++";
				CLANG_ENABLE_MODULES = YES;
				CLANG_ENABLE_OBJC_ARC = YES;
				CLANG_ENABLE_OBJC_WEAK = YES;
				CLANG_WARN_BLOCK_CAPTURE_AUTORELEASING = YES;
				CLANG_WARN_BOOL_CONVERSION = YES;
				CLANG_WARN_COMMA = YES;
				CLANG_WARN_CONSTANT_CONVERSION = YES;
				CLANG_WARN_DEPRECATED_OBJC_IMPLEMENTATIONS = YES;
				CLANG_WARN_DIRECT_OBJC_ISA_USAGE = YES_ERROR;
				CLANG_WARN_DOCUMENTATION_COMMENTS = YES;
				CLANG_WARN_EMPTY_BODY = YES;
				CLANG_WARN_ENUM_CONVERSION = YES;
				CLANG_WARN_INFINITE_RECURSION = YES;
				CLANG_WARN_INT_CONVERSION = YES;
				CLANG_WARN_NON_LITERAL_NULL_CONVERSION = YES;
				CLANG_WARN_OBJC_IMPLICIT_RETAIN_SELF = YES;
				CLANG_WARN_OBJC_LITERAL_CONVERSION = YES;
				CLANG_WARN_OBJC_ROOT_CLASS = YES_ERROR;
				CLANG_WARN_QUOTED_INCLUDE_IN_FRAMEWORK_HEADER = YES;
				CLANG_WARN_RANGE_LOOP_ANALYSIS = YES;
				CLANG_WARN_STRICT_PROTOTYPES = YES;
				CLANG_WARN_SUSPICIOUS_MOVE = YES;
				CLANG_WARN_UNGUARDED_AVAILABILITY = YES_AGGRESSIVE;
				CLANG_WARN_UNREACHABLE_CODE = YES;
				CLANG_WARN__DUPLICATE_METHOD_MATCH = YES;
				COPY_PHASE_STRIP = NO;
				DEBUG_INFORMATION_FORMAT = "dwarf-with-dsym";
				ENABLE_NS_ASSERTIONS = NO;
				ENABLE_STRICT_OBJC_MSGSEND = YES;
				GCC_C_LANGUAGE_STANDARD = gnu11;
				GCC_NO_COMMON_BLOCKS = YES;
				GCC_WARN_64_TO_32_BIT_CONVERSION = YES;
				GCC_WARN_ABOUT_RETURN_TYPE = YES_ERROR;
				GCC_WARN_UNDECLARED_SELECTOR = YES;
				GCC_WARN_UNINITIALIZED_AUTOS = YES_AGGRESSIVE;
				GCC_WARN_UNUSED_FUNCTION = YES;
				GCC_WARN_UNUSED_VARIABLE = YES;
				IPHONEOS_DEPLOYMENT_TARGET = 15.2;
				MTL_ENABLE_DEBUG_INFO = NO;
				MTL_FAST_MATH = YES;
				SDKROOT = iphoneos;
				SWIFT_COMPILATION_MODE = wholemodule;
				SWIFT_OPTIMIZATION_LEVEL = "-O";
				VALIDATE_PRODUCT = YES;
			};
			name = Release;
		};
		F2FB97AD28FDB5EA00D06E26 /* Debug */ = {
			isa = XCBuildConfiguration;
			buildSettings = {
				ASSETCATALOG_COMPILER_APPICON_NAME = AppIcon;
				ASSETCATALOG_COMPILER_GLOBAL_ACCENT_COLOR_NAME = AccentColor;
				CODE_SIGN_STYLE = Automatic;
				CURRENT_PROJECT_VERSION = 1;
				DEVELOPMENT_ASSET_PATHS = "\"WeatherApp-ambient/Preview Content\"";
				ENABLE_PREVIEWS = YES;
				GENERATE_INFOPLIST_FILE = YES;
				INFOPLIST_KEY_NSLocationAlwaysAndWhenInUseUsageDescription = "Application need location access to get accurate weater data";
				INFOPLIST_KEY_NSLocationAlwaysUsageDescription = "Application need location access to get accurate weater data";
				INFOPLIST_KEY_NSLocationWhenInUseUsageDescription = "Application need location access to get accurate weater data";
				INFOPLIST_KEY_UIApplicationSceneManifest_Generation = YES;
				INFOPLIST_KEY_UIApplicationSupportsIndirectInputEvents = YES;
				INFOPLIST_KEY_UILaunchScreen_Generation = YES;
				INFOPLIST_KEY_UISupportedInterfaceOrientations_iPad = "UIInterfaceOrientationPortrait UIInterfaceOrientationPortraitUpsideDown UIInterfaceOrientationLandscapeLeft UIInterfaceOrientationLandscapeRight";
				INFOPLIST_KEY_UISupportedInterfaceOrientations_iPhone = "UIInterfaceOrientationPortrait UIInterfaceOrientationLandscapeLeft UIInterfaceOrientationLandscapeRight";
				LD_RUNPATH_SEARCH_PATHS = (
					"$(inherited)",
					"@executable_path/Frameworks",
				);
				MARKETING_VERSION = 1.0;
				PRODUCT_BUNDLE_IDENTIFIER = "com.bondjun.WeatherApp-ambient";
				PRODUCT_NAME = "$(TARGET_NAME)";
				SWIFT_EMIT_LOC_STRINGS = YES;
				SWIFT_VERSION = 5.0;
				TARGETED_DEVICE_FAMILY = "1,2";
			};
			name = Debug;
		};
		F2FB97AE28FDB5EA00D06E26 /* Release */ = {
			isa = XCBuildConfiguration;
			buildSettings = {
				ASSETCATALOG_COMPILER_APPICON_NAME = AppIcon;
				ASSETCATALOG_COMPILER_GLOBAL_ACCENT_COLOR_NAME = AccentColor;
				CODE_SIGN_STYLE = Automatic;
				CURRENT_PROJECT_VERSION = 1;
				DEVELOPMENT_ASSET_PATHS = "\"WeatherApp-ambient/Preview Content\"";
				ENABLE_PREVIEWS = YES;
				GENERATE_INFOPLIST_FILE = YES;
				INFOPLIST_KEY_NSLocationAlwaysAndWhenInUseUsageDescription = "Application need location access to get accurate weater data";
				INFOPLIST_KEY_NSLocationAlwaysUsageDescription = "Application need location access to get accurate weater data";
				INFOPLIST_KEY_NSLocationWhenInUseUsageDescription = "Application need location access to get accurate weater data";
				INFOPLIST_KEY_UIApplicationSceneManifest_Generation = YES;
				INFOPLIST_KEY_UIApplicationSupportsIndirectInputEvents = YES;
				INFOPLIST_KEY_UILaunchScreen_Generation = YES;
				INFOPLIST_KEY_UISupportedInterfaceOrientations_iPad = "UIInterfaceOrientationPortrait UIInterfaceOrientationPortraitUpsideDown UIInterfaceOrientationLandscapeLeft UIInterfaceOrientationLandscapeRight";
				INFOPLIST_KEY_UISupportedInterfaceOrientations_iPhone = "UIInterfaceOrientationPortrait UIInterfaceOrientationLandscapeLeft UIInterfaceOrientationLandscapeRight";
				LD_RUNPATH_SEARCH_PATHS = (
					"$(inherited)",
					"@executable_path/Frameworks",
				);
				MARKETING_VERSION = 1.0;
				PRODUCT_BUNDLE_IDENTIFIER = "com.bondjun.WeatherApp-ambient";
				PRODUCT_NAME = "$(TARGET_NAME)";
				SWIFT_EMIT_LOC_STRINGS = YES;
				SWIFT_VERSION = 5.0;
				TARGETED_DEVICE_FAMILY = "1,2";
			};
			name = Release;
		};
/* End XCBuildConfiguration section */

/* Begin XCConfigurationList section */
		F2FB979928FDB5E500D06E26 /* Build configuration list for PBXProject "WeatherApp-ambient" */ = {
			isa = XCConfigurationList;
			buildConfigurations = (
				F2FB97AA28FDB5EA00D06E26 /* Debug */,
				F2FB97AB28FDB5EA00D06E26 /* Release */,
			);
			defaultConfigurationIsVisible = 0;
			defaultConfigurationName = Release;
		};
		F2FB97AC28FDB5EA00D06E26 /* Build configuration list for PBXNativeTarget "WeatherApp-ambient" */ = {
			isa = XCConfigurationList;
			buildConfigurations = (
				F2FB97AD28FDB5EA00D06E26 /* Debug */,
				F2FB97AE28FDB5EA00D06E26 /* Release */,
			);
			defaultConfigurationIsVisible = 0;
			defaultConfigurationName = Release;
		};
/* End XCConfigurationList section */
	};
	rootObject = F2FB979628FDB5E500D06E26 /* Project object */;
}
